// !$*UTF8*$!
{
	archiveVersion = 1;
	classes = {
	};
	objectVersion = 50;
	objects = {

/* Begin PBXBuildFile section */
		879E6675269F719900376109 /* ProfilesPresenterType.swift in Sources */ = {isa = PBXBuildFile; fileRef = 879E6673269F719900376109 /* ProfilesPresenterType.swift */; };
		879E6676269F719900376109 /* ProfilesPresenter.swift in Sources */ = {isa = PBXBuildFile; fileRef = 879E6674269F719900376109 /* ProfilesPresenter.swift */; };
		879E667A269F71D000376109 /* ProfilesViewController.swift in Sources */ = {isa = PBXBuildFile; fileRef = 879E6679269F71D000376109 /* ProfilesViewController.swift */; };
		879E667E269F720200376109 /* RoundedButtonView.swift in Sources */ = {isa = PBXBuildFile; fileRef = 879E667D269F720200376109 /* RoundedButtonView.swift */; };
		879E6683269F721300376109 /* TextCell.swift in Sources */ = {isa = PBXBuildFile; fileRef = 879E6680269F721300376109 /* TextCell.swift */; };
		879E6684269F721300376109 /* ImageViewCell.swift in Sources */ = {isa = PBXBuildFile; fileRef = 879E6681269F721300376109 /* ImageViewCell.swift */; };
		879E6685269F721300376109 /* HeaderViewCell.swift in Sources */ = {isa = PBXBuildFile; fileRef = 879E6682269F721300376109 /* HeaderViewCell.swift */; };
		FF2EEBF426978D2D00F5A44B /* AppDelegate.swift in Sources */ = {isa = PBXBuildFile; fileRef = FF2EEBF326978D2D00F5A44B /* AppDelegate.swift */; };
		FF2EEBF626978D2D00F5A44B /* SceneDelegate.swift in Sources */ = {isa = PBXBuildFile; fileRef = FF2EEBF526978D2D00F5A44B /* SceneDelegate.swift */; };
		FF2EEBFB26978D2D00F5A44B /* Main.storyboard in Resources */ = {isa = PBXBuildFile; fileRef = FF2EEBF926978D2D00F5A44B /* Main.storyboard */; };
		FF2EEBFD26978D2F00F5A44B /* Assets.xcassets in Resources */ = {isa = PBXBuildFile; fileRef = FF2EEBFC26978D2F00F5A44B /* Assets.xcassets */; };
		FF2EEC0026978D2F00F5A44B /* LaunchScreen.storyboard in Resources */ = {isa = PBXBuildFile; fileRef = FF2EEBFE26978D2F00F5A44B /* LaunchScreen.storyboard */; };
		FF2EEC0A26978D6500F5A44B /* config.json in Resources */ = {isa = PBXBuildFile; fileRef = FF2EEC0926978D6500F5A44B /* config.json */; };
		FF2EEC0E26978DE200F5A44B /* users.json in Resources */ = {isa = PBXBuildFile; fileRef = FF2EEC0D26978DE200F5A44B /* users.json */; };
		FF2EEC1B2697978900F5A44B /* ProfilesWireframe.swift in Sources */ = {isa = PBXBuildFile; fileRef = FF2EEC1A2697978900F5A44B /* ProfilesWireframe.swift */; };
		FF2EEC212697ABB100F5A44B /* User.swift in Sources */ = {isa = PBXBuildFile; fileRef = FF2EEC202697ABB100F5A44B /* User.swift */; };
		FF2EEC232698A19E00F5A44B /* ProfilesInteractorType.swift in Sources */ = {isa = PBXBuildFile; fileRef = FF2EEC222698A19E00F5A44B /* ProfilesInteractorType.swift */; };
		FF2EEC272698A2D900F5A44B /* ProfilesInteractor.swift in Sources */ = {isa = PBXBuildFile; fileRef = FF2EEC262698A2D900F5A44B /* ProfilesInteractor.swift */; };
/* End PBXBuildFile section */

/* Begin PBXFileReference section */
		879E6673269F719900376109 /* ProfilesPresenterType.swift */ = {isa = PBXFileReference; fileEncoding = 4; lastKnownFileType = sourcecode.swift; path = ProfilesPresenterType.swift; sourceTree = "<group>"; };
		879E6674269F719900376109 /* ProfilesPresenter.swift */ = {isa = PBXFileReference; fileEncoding = 4; lastKnownFileType = sourcecode.swift; path = ProfilesPresenter.swift; sourceTree = "<group>"; };
		879E6679269F71D000376109 /* ProfilesViewController.swift */ = {isa = PBXFileReference; fileEncoding = 4; lastKnownFileType = sourcecode.swift; name = ProfilesViewController.swift; path = VC/ProfilesViewController.swift; sourceTree = "<group>"; };
		879E667D269F720200376109 /* RoundedButtonView.swift */ = {isa = PBXFileReference; fileEncoding = 4; lastKnownFileType = sourcecode.swift; name = RoundedButtonView.swift; path = Buttons/RoundedButtonView.swift; sourceTree = "<group>"; };
		879E6680269F721300376109 /* TextCell.swift */ = {isa = PBXFileReference; fileEncoding = 4; lastKnownFileType = sourcecode.swift; name = TextCell.swift; path = Cells/TextCell.swift; sourceTree = "<group>"; };
		879E6681269F721300376109 /* ImageViewCell.swift */ = {isa = PBXFileReference; fileEncoding = 4; lastKnownFileType = sourcecode.swift; name = ImageViewCell.swift; path = Cells/ImageViewCell.swift; sourceTree = "<group>"; };
		879E6682269F721300376109 /* HeaderViewCell.swift */ = {isa = PBXFileReference; fileEncoding = 4; lastKnownFileType = sourcecode.swift; name = HeaderViewCell.swift; path = Cells/HeaderViewCell.swift; sourceTree = "<group>"; };
		FF2EEBF026978D2D00F5A44B /* ProfilesFlow.app */ = {isa = PBXFileReference; explicitFileType = wrapper.application; includeInIndex = 0; path = ProfilesFlow.app; sourceTree = BUILT_PRODUCTS_DIR; };
		FF2EEBF326978D2D00F5A44B /* AppDelegate.swift */ = {isa = PBXFileReference; lastKnownFileType = sourcecode.swift; path = AppDelegate.swift; sourceTree = "<group>"; };
		FF2EEBF526978D2D00F5A44B /* SceneDelegate.swift */ = {isa = PBXFileReference; lastKnownFileType = sourcecode.swift; path = SceneDelegate.swift; sourceTree = "<group>"; };
		FF2EEBFA26978D2D00F5A44B /* Base */ = {isa = PBXFileReference; lastKnownFileType = file.storyboard; name = Base; path = Base.lproj/Main.storyboard; sourceTree = "<group>"; };
		FF2EEBFC26978D2F00F5A44B /* Assets.xcassets */ = {isa = PBXFileReference; lastKnownFileType = folder.assetcatalog; path = Assets.xcassets; sourceTree = "<group>"; };
		FF2EEBFF26978D2F00F5A44B /* Base */ = {isa = PBXFileReference; lastKnownFileType = file.storyboard; name = Base; path = Base.lproj/LaunchScreen.storyboard; sourceTree = "<group>"; };
		FF2EEC0126978D2F00F5A44B /* Info.plist */ = {isa = PBXFileReference; lastKnownFileType = text.plist.xml; path = Info.plist; sourceTree = "<group>"; };
		FF2EEC0926978D6500F5A44B /* config.json */ = {isa = PBXFileReference; fileEncoding = 4; lastKnownFileType = text.json; path = config.json; sourceTree = "<group>"; };
		FF2EEC0D26978DE200F5A44B /* users.json */ = {isa = PBXFileReference; lastKnownFileType = text.json; path = users.json; sourceTree = "<group>"; };
		FF2EEC1A2697978900F5A44B /* ProfilesWireframe.swift */ = {isa = PBXFileReference; lastKnownFileType = sourcecode.swift; path = ProfilesWireframe.swift; sourceTree = "<group>"; };
		FF2EEC202697ABB100F5A44B /* User.swift */ = {isa = PBXFileReference; lastKnownFileType = sourcecode.swift; path = User.swift; sourceTree = "<group>"; };
		FF2EEC222698A19E00F5A44B /* ProfilesInteractorType.swift */ = {isa = PBXFileReference; lastKnownFileType = sourcecode.swift; path = ProfilesInteractorType.swift; sourceTree = "<group>"; };
		FF2EEC262698A2D900F5A44B /* ProfilesInteractor.swift */ = {isa = PBXFileReference; lastKnownFileType = sourcecode.swift; path = ProfilesInteractor.swift; sourceTree = "<group>"; };
/* End PBXFileReference section */

/* Begin PBXFrameworksBuildPhase section */
		FF2EEBED26978D2D00F5A44B /* Frameworks */ = {
			isa = PBXFrameworksBuildPhase;
			buildActionMask = 2147483647;
			files = (
			);
			runOnlyForDeploymentPostprocessing = 0;
		};
/* End PBXFrameworksBuildPhase section */

/* Begin PBXGroup section */
		FF2EEBE726978D2D00F5A44B = {
			isa = PBXGroup;
			children = (
				FF2EEBF226978D2D00F5A44B /* ProfilesFlow */,
				FF2EEBF126978D2D00F5A44B /* Products */,
			);
			sourceTree = "<group>";
		};
		FF2EEBF126978D2D00F5A44B /* Products */ = {
			isa = PBXGroup;
			children = (
				FF2EEBF026978D2D00F5A44B /* ProfilesFlow.app */,
			);
			name = Products;
			sourceTree = "<group>";
		};
		FF2EEBF226978D2D00F5A44B /* ProfilesFlow */ = {
			isa = PBXGroup;
			children = (
				FF2EEC0926978D6500F5A44B /* config.json */,
				FF2EEC0D26978DE200F5A44B /* users.json */,
				FF2EEC0F26978E3F00F5A44B /* Profiles */,
				FF2EEBF926978D2D00F5A44B /* Main.storyboard */,
				FF2EEBFC26978D2F00F5A44B /* Assets.xcassets */,
				FF2EEBFE26978D2F00F5A44B /* LaunchScreen.storyboard */,
				FF2EEC0126978D2F00F5A44B /* Info.plist */,
			);
			path = ProfilesFlow;
			sourceTree = "<group>";
		};
		FF2EEC0F26978E3F00F5A44B /* Profiles */ = {
			isa = PBXGroup;
			children = (
				FF2EEC1026978E6200F5A44B /* Model */,
				FF2EEC1226978EDE00F5A44B /* Presenter */,
				FF2EEC1126978ED400F5A44B /* Interactor */,
				FF2EEC1326978EE900F5A44B /* View */,
				FF2EEC1526978F1300F5A44B /* Wireframe */,
				FF2EEBF526978D2D00F5A44B /* SceneDelegate.swift */,
				FF2EEBF326978D2D00F5A44B /* AppDelegate.swift */,
			);
			path = Profiles;
			sourceTree = "<group>";
		};
		FF2EEC1026978E6200F5A44B /* Model */ = {
			isa = PBXGroup;
			children = (
				FF2EEC202697ABB100F5A44B /* User.swift */,
			);
			path = Model;
			sourceTree = "<group>";
		};
		FF2EEC1126978ED400F5A44B /* Interactor */ = {
			isa = PBXGroup;
			children = (
				FF2EEC222698A19E00F5A44B /* ProfilesInteractorType.swift */,
				FF2EEC262698A2D900F5A44B /* ProfilesInteractor.swift */,
			);
			path = Interactor;
			sourceTree = "<group>";
		};
		FF2EEC1226978EDE00F5A44B /* Presenter */ = {
			isa = PBXGroup;
			children = (
				879E6674269F719900376109 /* ProfilesPresenter.swift */,
				879E6673269F719900376109 /* ProfilesPresenterType.swift */,
			);
			path = Presenter;
			sourceTree = "<group>";
		};
		FF2EEC1326978EE900F5A44B /* View */ = {
			isa = PBXGroup;
			children = (
				879E6682269F721300376109 /* HeaderViewCell.swift */,
				879E6681269F721300376109 /* ImageViewCell.swift */,
				879E6680269F721300376109 /* TextCell.swift */,
				879E667D269F720200376109 /* RoundedButtonView.swift */,
				879E6679269F71D000376109 /* ProfilesViewController.swift */,
			);
			path = View;
			sourceTree = "<group>";
		};
		FF2EEC1526978F1300F5A44B /* Wireframe */ = {
			isa = PBXGroup;
			children = (
				FF2EEC1A2697978900F5A44B /* ProfilesWireframe.swift */,
			);
			path = Wireframe;
			sourceTree = "<group>";
		};
/* End PBXGroup section */

/* Begin PBXNativeTarget section */
		FF2EEBEF26978D2D00F5A44B /* ProfilesFlow */ = {
			isa = PBXNativeTarget;
			buildConfigurationList = FF2EEC0426978D2F00F5A44B /* Build configuration list for PBXNativeTarget "ProfilesFlow" */;
			buildPhases = (
				FF2EEBEC26978D2D00F5A44B /* Sources */,
				FF2EEBED26978D2D00F5A44B /* Frameworks */,
				FF2EEBEE26978D2D00F5A44B /* Resources */,
			);
			buildRules = (
			);
			dependencies = (
			);
			name = ProfilesFlow;
			productName = ProfilesFlow;
			productReference = FF2EEBF026978D2D00F5A44B /* ProfilesFlow.app */;
			productType = "com.apple.product-type.application";
		};
/* End PBXNativeTarget section */

/* Begin PBXProject section */
		FF2EEBE826978D2D00F5A44B /* Project object */ = {
			isa = PBXProject;
			attributes = {
				LastSwiftUpdateCheck = 1250;
				LastUpgradeCheck = 1250;
				TargetAttributes = {
					FF2EEBEF26978D2D00F5A44B = {
						CreatedOnToolsVersion = 12.5.1;
					};
				};
			};
			buildConfigurationList = FF2EEBEB26978D2D00F5A44B /* Build configuration list for PBXProject "ProfilesFlow" */;
			compatibilityVersion = "Xcode 9.3";
			developmentRegion = en;
			hasScannedForEncodings = 0;
			knownRegions = (
				en,
				Base,
			);
			mainGroup = FF2EEBE726978D2D00F5A44B;
			productRefGroup = FF2EEBF126978D2D00F5A44B /* Products */;
			projectDirPath = "";
			projectRoot = "";
			targets = (
				FF2EEBEF26978D2D00F5A44B /* ProfilesFlow */,
			);
		};
/* End PBXProject section */

/* Begin PBXResourcesBuildPhase section */
		FF2EEBEE26978D2D00F5A44B /* Resources */ = {
			isa = PBXResourcesBuildPhase;
			buildActionMask = 2147483647;
			files = (
				FF2EEC0E26978DE200F5A44B /* users.json in Resources */,
				FF2EEC0026978D2F00F5A44B /* LaunchScreen.storyboard in Resources */,
				FF2EEC0A26978D6500F5A44B /* config.json in Resources */,
				FF2EEBFD26978D2F00F5A44B /* Assets.xcassets in Resources */,
				FF2EEBFB26978D2D00F5A44B /* Main.storyboard in Resources */,
			);
			runOnlyForDeploymentPostprocessing = 0;
		};
/* End PBXResourcesBuildPhase section */

/* Begin PBXSourcesBuildPhase section */
		FF2EEBEC26978D2D00F5A44B /* Sources */ = {
			isa = PBXSourcesBuildPhase;
			buildActionMask = 2147483647;
			files = (
				FF2EEC232698A19E00F5A44B /* ProfilesInteractorType.swift in Sources */,
				FF2EEC1B2697978900F5A44B /* ProfilesWireframe.swift in Sources */,
				879E667A269F71D000376109 /* ProfilesViewController.swift in Sources */,
				FF2EEBF426978D2D00F5A44B /* AppDelegate.swift in Sources */,
				879E6684269F721300376109 /* ImageViewCell.swift in Sources */,
				879E6676269F719900376109 /* ProfilesPresenter.swift in Sources */,
				879E6685269F721300376109 /* HeaderViewCell.swift in Sources */,
				879E6675269F719900376109 /* ProfilesPresenterType.swift in Sources */,
				FF2EEC212697ABB100F5A44B /* User.swift in Sources */,
				FF2EEBF626978D2D00F5A44B /* SceneDelegate.swift in Sources */,
				879E667E269F720200376109 /* RoundedButtonView.swift in Sources */,
				FF2EEC272698A2D900F5A44B /* ProfilesInteractor.swift in Sources */,
				879E6683269F721300376109 /* TextCell.swift in Sources */,
			);
			runOnlyForDeploymentPostprocessing = 0;
		};
/* End PBXSourcesBuildPhase section */

/* Begin PBXVariantGroup section */
		FF2EEBF926978D2D00F5A44B /* Main.storyboard */ = {
			isa = PBXVariantGroup;
			children = (
				FF2EEBFA26978D2D00F5A44B /* Base */,
			);
			name = Main.storyboard;
			sourceTree = "<group>";
		};
		FF2EEBFE26978D2F00F5A44B /* LaunchScreen.storyboard */ = {
			isa = PBXVariantGroup;
			children = (
				FF2EEBFF26978D2F00F5A44B /* Base */,
			);
			name = LaunchScreen.storyboard;
			sourceTree = "<group>";
		};
/* End PBXVariantGroup section */

/* Begin XCBuildConfiguration section */
		FF2EEC0226978D2F00F5A44B /* Debug */ = {
			isa = XCBuildConfiguration;
			buildSettings = {
				ALWAYS_SEARCH_USER_PATHS = NO;
				CLANG_ANALYZER_NONNULL = YES;
				CLANG_ANALYZER_NUMBER_OBJECT_CONVERSION = YES_AGGRESSIVE;
				CLANG_CXX_LANGUAGE_STANDARD = "gnu++14";
				CLANG_CXX_LIBRARY = "libc++";
				CLANG_ENABLE_MODULES = YES;
				CLANG_ENABLE_OBJC_ARC = YES;
				CLANG_ENABLE_OBJC_WEAK = YES;
				CLANG_WARN_BLOCK_CAPTURE_AUTORELEASING = YES;
				CLANG_WARN_BOOL_CONVERSION = YES;
				CLANG_WARN_COMMA = YES;
				CLANG_WARN_CONSTANT_CONVERSION = YES;
				CLANG_WARN_DEPRECATED_OBJC_IMPLEMENTATIONS = YES;
				CLANG_WARN_DIRECT_OBJC_ISA_USAGE = YES_ERROR;
				CLANG_WARN_DOCUMENTATION_COMMENTS = YES;
				CLANG_WARN_EMPTY_BODY = YES;
				CLANG_WARN_ENUM_CONVERSION = YES;
				CLANG_WARN_INFINITE_RECURSION = YES;
				CLANG_WARN_INT_CONVERSION = YES;
				CLANG_WARN_NON_LITERAL_NULL_CONVERSION = YES;
				CLANG_WARN_OBJC_IMPLICIT_RETAIN_SELF = YES;
				CLANG_WARN_OBJC_LITERAL_CONVERSION = YES;
				CLANG_WARN_OBJC_ROOT_CLASS = YES_ERROR;
				CLANG_WARN_QUOTED_INCLUDE_IN_FRAMEWORK_HEADER = YES;
				CLANG_WARN_RANGE_LOOP_ANALYSIS = YES;
				CLANG_WARN_STRICT_PROTOTYPES = YES;
				CLANG_WARN_SUSPICIOUS_MOVE = YES;
				CLANG_WARN_UNGUARDED_AVAILABILITY = YES_AGGRESSIVE;
				CLANG_WARN_UNREACHABLE_CODE = YES;
				CLANG_WARN__DUPLICATE_METHOD_MATCH = YES;
				COPY_PHASE_STRIP = NO;
				DEBUG_INFORMATION_FORMAT = dwarf;
				ENABLE_STRICT_OBJC_MSGSEND = YES;
				ENABLE_TESTABILITY = YES;
				GCC_C_LANGUAGE_STANDARD = gnu11;
				GCC_DYNAMIC_NO_PIC = NO;
				GCC_NO_COMMON_BLOCKS = YES;
				GCC_OPTIMIZATION_LEVEL = 0;
				GCC_PREPROCESSOR_DEFINITIONS = (
					"DEBUG=1",
					"$(inherited)",
				);
				GCC_WARN_64_TO_32_BIT_CONVERSION = YES;
				GCC_WARN_ABOUT_RETURN_TYPE = YES_ERROR;
				GCC_WARN_UNDECLARED_SELECTOR = YES;
				GCC_WARN_UNINITIALIZED_AUTOS = YES_AGGRESSIVE;
				GCC_WARN_UNUSED_FUNCTION = YES;
				GCC_WARN_UNUSED_VARIABLE = YES;
				IPHONEOS_DEPLOYMENT_TARGET = 14.5;
				MTL_ENABLE_DEBUG_INFO = INCLUDE_SOURCE;
				MTL_FAST_MATH = YES;
				ONLY_ACTIVE_ARCH = YES;
				SDKROOT = iphoneos;
				SWIFT_ACTIVE_COMPILATION_CONDITIONS = DEBUG;
				SWIFT_OPTIMIZATION_LEVEL = "-Onone";
			};
			name = Debug;
		};
		FF2EEC0326978D2F00F5A44B /* Release */ = {
			isa = XCBuildConfiguration;
			buildSettings = {
				ALWAYS_SEARCH_USER_PATHS = NO;
				CLANG_ANALYZER_NONNULL = YES;
				CLANG_ANALYZER_NUMBER_OBJECT_CONVERSION = YES_AGGRESSIVE;
				CLANG_CXX_LANGUAGE_STANDARD = "gnu++14";
				CLANG_CXX_LIBRARY = "libc++";
				CLANG_ENABLE_MODULES = YES;
				CLANG_ENABLE_OBJC_ARC = YES;
				CLANG_ENABLE_OBJC_WEAK = YES;
				CLANG_WARN_BLOCK_CAPTURE_AUTORELEASING = YES;
				CLANG_WARN_BOOL_CONVERSION = YES;
				CLANG_WARN_COMMA = YES;
				CLANG_WARN_CONSTANT_CONVERSION = YES;
				CLANG_WARN_DEPRECATED_OBJC_IMPLEMENTATIONS = YES;
				CLANG_WARN_DIRECT_OBJC_ISA_USAGE = YES_ERROR;
				CLANG_WARN_DOCUMENTATION_COMMENTS = YES;
				CLANG_WARN_EMPTY_BODY = YES;
				CLANG_WARN_ENUM_CONVERSION = YES;
				CLANG_WARN_INFINITE_RECURSION = YES;
				CLANG_WARN_INT_CONVERSION = YES;
				CLANG_WARN_NON_LITERAL_NULL_CONVERSION = YES;
				CLANG_WARN_OBJC_IMPLICIT_RETAIN_SELF = YES;
				CLANG_WARN_OBJC_LITERAL_CONVERSION = YES;
				CLANG_WARN_OBJC_ROOT_CLASS = YES_ERROR;
				CLANG_WARN_QUOTED_INCLUDE_IN_FRAMEWORK_HEADER = YES;
				CLANG_WARN_RANGE_LOOP_ANALYSIS = YES;
				CLANG_WARN_STRICT_PROTOTYPES = YES;
				CLANG_WARN_SUSPICIOUS_MOVE = YES;
				CLANG_WARN_UNGUARDED_AVAILABILITY = YES_AGGRESSIVE;
				CLANG_WARN_UNREACHABLE_CODE = YES;
				CLANG_WARN__DUPLICATE_METHOD_MATCH = YES;
				COPY_PHASE_STRIP = NO;
				DEBUG_INFORMATION_FORMAT = "dwarf-with-dsym";
				ENABLE_NS_ASSERTIONS = NO;
				ENABLE_STRICT_OBJC_MSGSEND = YES;
				GCC_C_LANGUAGE_STANDARD = gnu11;
				GCC_NO_COMMON_BLOCKS = YES;
				GCC_WARN_64_TO_32_BIT_CONVERSION = YES;
				GCC_WARN_ABOUT_RETURN_TYPE = YES_ERROR;
				GCC_WARN_UNDECLARED_SELECTOR = YES;
				GCC_WARN_UNINITIALIZED_AUTOS = YES_AGGRESSIVE;
				GCC_WARN_UNUSED_FUNCTION = YES;
				GCC_WARN_UNUSED_VARIABLE = YES;
				IPHONEOS_DEPLOYMENT_TARGET = 14.5;
				MTL_ENABLE_DEBUG_INFO = NO;
				MTL_FAST_MATH = YES;
				SDKROOT = iphoneos;
				SWIFT_COMPILATION_MODE = wholemodule;
				SWIFT_OPTIMIZATION_LEVEL = "-O";
				VALIDATE_PRODUCT = YES;
			};
			name = Release;
		};
		FF2EEC0526978D2F00F5A44B /* Debug */ = {
			isa = XCBuildConfiguration;
			buildSettings = {
				ASSETCATALOG_COMPILER_APPICON_NAME = AppIcon;
				ASSETCATALOG_COMPILER_GLOBAL_ACCENT_COLOR_NAME = AccentColor;
				CODE_SIGN_STYLE = Automatic;
				INFOPLIST_FILE = ProfilesFlow/Info.plist;
				IPHONEOS_DEPLOYMENT_TARGET = 13.0;
				LD_RUNPATH_SEARCH_PATHS = (
					"$(inherited)",
					"@executable_path/Frameworks",
				);
				PRODUCT_BUNDLE_IDENTIFIER = Hinge.ProfilesFlow;
				PRODUCT_NAME = "$(TARGET_NAME)";
				SWIFT_VERSION = 5.0;
				TARGETED_DEVICE_FAMILY = "1,2";
			};
			name = Debug;
		};
		FF2EEC0626978D2F00F5A44B /* Release */ = {
			isa = XCBuildConfiguration;
			buildSettings = {
				ASSETCATALOG_COMPILER_APPICON_NAME = AppIcon;
				ASSETCATALOG_COMPILER_GLOBAL_ACCENT_COLOR_NAME = AccentColor;
				CODE_SIGN_STYLE = Automatic;
				INFOPLIST_FILE = ProfilesFlow/Info.plist;
				IPHONEOS_DEPLOYMENT_TARGET = 13.0;
				LD_RUNPATH_SEARCH_PATHS = (
					"$(inherited)",
					"@executable_path/Frameworks",
				);
				PRODUCT_BUNDLE_IDENTIFIER = Hinge.ProfilesFlow;
				PRODUCT_NAME = "$(TARGET_NAME)";
				SWIFT_VERSION = 5.0;
				TARGETED_DEVICE_FAMILY = "1,2";
			};
			name = Release;
		};
/* End XCBuildConfiguration section */

/* Begin XCConfigurationList section */
		FF2EEBEB26978D2D00F5A44B /* Build configuration list for PBXProject "ProfilesFlow" */ = {
			isa = XCConfigurationList;
			buildConfigurations = (
				FF2EEC0226978D2F00F5A44B /* Debug */,
				FF2EEC0326978D2F00F5A44B /* Release */,
			);
			defaultConfigurationIsVisible = 0;
			defaultConfigurationName = Release;
		};
		FF2EEC0426978D2F00F5A44B /* Build configuration list for PBXNativeTarget "ProfilesFlow" */ = {
			isa = XCConfigurationList;
			buildConfigurations = (
				FF2EEC0526978D2F00F5A44B /* Debug */,
				FF2EEC0626978D2F00F5A44B /* Release */,
			);
			defaultConfigurationIsVisible = 0;
			defaultConfigurationName = Release;
		};
/* End XCConfigurationList section */
	};
	rootObject = FF2EEBE826978D2D00F5A44B /* Project object */;
}
